// !$*UTF8*$!
{
	archiveVersion = 1;
	classes = {
	};
	objectVersion = 55;
	objects = {

/* Begin PBXBuildFile section */
		540BAA2729CC53CC00932D2C /* AppDelegate.swift in Sources */ = {isa = PBXBuildFile; fileRef = 540BAA2629CC53CC00932D2C /* AppDelegate.swift */; };
		540BAA2929CC53CC00932D2C /* SceneDelegate.swift in Sources */ = {isa = PBXBuildFile; fileRef = 540BAA2829CC53CC00932D2C /* SceneDelegate.swift */; };
		540BAA2E29CC53CC00932D2C /* Main.storyboard in Resources */ = {isa = PBXBuildFile; fileRef = 540BAA2C29CC53CC00932D2C /* Main.storyboard */; };
		540BAA3029CC53CF00932D2C /* Assets.xcassets in Resources */ = {isa = PBXBuildFile; fileRef = 540BAA2F29CC53CF00932D2C /* Assets.xcassets */; };
		540BAA3329CC53CF00932D2C /* LaunchScreen.storyboard in Resources */ = {isa = PBXBuildFile; fileRef = 540BAA3129CC53CF00932D2C /* LaunchScreen.storyboard */; };
		540BAA3B29CC542500932D2C /* TrackList.swift in Sources */ = {isa = PBXBuildFile; fileRef = 540BAA3A29CC542500932D2C /* TrackList.swift */; };
		540BAA3D29CC545D00932D2C /* DetailVC.swift in Sources */ = {isa = PBXBuildFile; fileRef = 540BAA3C29CC545D00932D2C /* DetailVC.swift */; };
		54FAD9D22A0B9C8D00D77A5D /* .gitignore in Resources */ = {isa = PBXBuildFile; fileRef = 54FAD9D12A0B9C8D00D77A5D /* .gitignore */; };
/* End PBXBuildFile section */

/* Begin PBXFileReference section */
		540BAA2329CC53CC00932D2C /* ArtCover.app */ = {isa = PBXFileReference; explicitFileType = wrapper.application; includeInIndex = 0; path = ArtCover.app; sourceTree = BUILT_PRODUCTS_DIR; };
		540BAA2629CC53CC00932D2C /* AppDelegate.swift */ = {isa = PBXFileReference; lastKnownFileType = sourcecode.swift; path = AppDelegate.swift; sourceTree = "<group>"; };
		540BAA2829CC53CC00932D2C /* SceneDelegate.swift */ = {isa = PBXFileReference; lastKnownFileType = sourcecode.swift; path = SceneDelegate.swift; sourceTree = "<group>"; };
		540BAA2D29CC53CC00932D2C /* Base */ = {isa = PBXFileReference; lastKnownFileType = file.storyboard; name = Base; path = Base.lproj/Main.storyboard; sourceTree = "<group>"; };
		540BAA2F29CC53CF00932D2C /* Assets.xcassets */ = {isa = PBXFileReference; lastKnownFileType = folder.assetcatalog; path = Assets.xcassets; sourceTree = "<group>"; };
		540BAA3229CC53CF00932D2C /* Base */ = {isa = PBXFileReference; lastKnownFileType = file.storyboard; name = Base; path = Base.lproj/LaunchScreen.storyboard; sourceTree = "<group>"; };
		540BAA3429CC53CF00932D2C /* Info.plist */ = {isa = PBXFileReference; lastKnownFileType = text.plist.xml; path = Info.plist; sourceTree = "<group>"; };
		540BAA3A29CC542500932D2C /* TrackList.swift */ = {isa = PBXFileReference; lastKnownFileType = sourcecode.swift; path = TrackList.swift; sourceTree = "<group>"; };
		540BAA3C29CC545D00932D2C /* DetailVC.swift */ = {isa = PBXFileReference; lastKnownFileType = sourcecode.swift; path = DetailVC.swift; sourceTree = "<group>"; };
		54FAD9D12A0B9C8D00D77A5D /* .gitignore */ = {isa = PBXFileReference; lastKnownFileType = text; path = .gitignore; sourceTree = "<group>"; };
/* End PBXFileReference section */

/* Begin PBXFrameworksBuildPhase section */
		540BAA2029CC53CC00932D2C /* Frameworks */ = {
			isa = PBXFrameworksBuildPhase;
			buildActionMask = 2147483647;
			files = (
			);
			runOnlyForDeploymentPostprocessing = 0;
		};
/* End PBXFrameworksBuildPhase section */

/* Begin PBXGroup section */
		540BAA1A29CC53CC00932D2C = {
			isa = PBXGroup;
			children = (
				540BAA2529CC53CC00932D2C /* ArtCover */,
				540BAA2429CC53CC00932D2C /* Products */,
			);
			sourceTree = "<group>";
		};
		540BAA2429CC53CC00932D2C /* Products */ = {
			isa = PBXGroup;
			children = (
				540BAA2329CC53CC00932D2C /* ArtCover.app */,
			);
			name = Products;
			sourceTree = "<group>";
		};
		540BAA2529CC53CC00932D2C /* ArtCover */ = {
			isa = PBXGroup;
			children = (
				540BAA2629CC53CC00932D2C /* AppDelegate.swift */,
				540BAA2829CC53CC00932D2C /* SceneDelegate.swift */,
				540BAA2C29CC53CC00932D2C /* Main.storyboard */,
				540BAA3C29CC545D00932D2C /* DetailVC.swift */,
				540BAA3A29CC542500932D2C /* TrackList.swift */,
				540BAA2F29CC53CF00932D2C /* Assets.xcassets */,
				540BAA3129CC53CF00932D2C /* LaunchScreen.storyboard */,
				540BAA3429CC53CF00932D2C /* Info.plist */,
				54FAD9D12A0B9C8D00D77A5D /* .gitignore */,
			);
			path = ArtCover;
			sourceTree = "<group>";
		};
/* End PBXGroup section */

/* Begin PBXNativeTarget section */
		540BAA2229CC53CC00932D2C /* ArtCover */ = {
			isa = PBXNativeTarget;
			buildConfigurationList = 540BAA3729CC53CF00932D2C /* Build configuration list for PBXNativeTarget "ArtCover" */;
			buildPhases = (
				540BAA1F29CC53CC00932D2C /* Sources */,
				540BAA2029CC53CC00932D2C /* Frameworks */,
				540BAA2129CC53CC00932D2C /* Resources */,
			);
			buildRules = (
			);
			dependencies = (
			);
			name = ArtCover;
			productName = ArtCover;
			productReference = 540BAA2329CC53CC00932D2C /* ArtCover.app */;
			productType = "com.apple.product-type.application";
		};
/* End PBXNativeTarget section */

/* Begin PBXProject section */
		540BAA1B29CC53CC00932D2C /* Project object */ = {
			isa = PBXProject;
			attributes = {
				BuildIndependentTargetsInParallel = 1;
				LastSwiftUpdateCheck = 1340;
				LastUpgradeCheck = 1340;
				TargetAttributes = {
					540BAA2229CC53CC00932D2C = {
						CreatedOnToolsVersion = 13.4.1;
					};
				};
			};
			buildConfigurationList = 540BAA1E29CC53CC00932D2C /* Build configuration list for PBXProject "ArtCover" */;
			compatibilityVersion = "Xcode 13.0";
			developmentRegion = en;
			hasScannedForEncodings = 0;
			knownRegions = (
				en,
				Base,
			);
			mainGroup = 540BAA1A29CC53CC00932D2C;
			productRefGroup = 540BAA2429CC53CC00932D2C /* Products */;
			projectDirPath = "";
			projectRoot = "";
			targets = (
				540BAA2229CC53CC00932D2C /* ArtCover */,
			);
		};
/* End PBXProject section */

/* Begin PBXResourcesBuildPhase section */
		540BAA2129CC53CC00932D2C /* Resources */ = {
			isa = PBXResourcesBuildPhase;
			buildActionMask = 2147483647;
			files = (
				54FAD9D22A0B9C8D00D77A5D /* .gitignore in Resources */,
				540BAA3329CC53CF00932D2C /* LaunchScreen.storyboard in Resources */,
				540BAA3029CC53CF00932D2C /* Assets.xcassets in Resources */,
				540BAA2E29CC53CC00932D2C /* Main.storyboard in Resources */,
			);
			runOnlyForDeploymentPostprocessing = 0;
		};
/* End PBXResourcesBuildPhase section */

/* Begin PBXSourcesBuildPhase section */
		540BAA1F29CC53CC00932D2C /* Sources */ = {
			isa = PBXSourcesBuildPhase;
			buildActionMask = 2147483647;
			files = (
				540BAA2729CC53CC00932D2C /* AppDelegate.swift in Sources */,
				540BAA3D29CC545D00932D2C /* DetailVC.swift in Sources */,
				540BAA2929CC53CC00932D2C /* SceneDelegate.swift in Sources */,
				540BAA3B29CC542500932D2C /* TrackList.swift in Sources */,
			);
			runOnlyForDeploymentPostprocessing = 0;
		};
/* End PBXSourcesBuildPhase section */

/* Begin PBXVariantGroup section */
		540BAA2C29CC53CC00932D2C /* Main.storyboard */ = {
			isa = PBXVariantGroup;
			children = (
				540BAA2D29CC53CC00932D2C /* Base */,
			);
			name = Main.storyboard;
			sourceTree = "<group>";
		};
		540BAA3129CC53CF00932D2C /* LaunchScreen.storyboard */ = {
			isa = PBXVariantGroup;
			children = (
				540BAA3229CC53CF00932D2C /* Base */,
			);
			name = LaunchScreen.storyboard;
			sourceTree = "<group>";
		};
/* End PBXVariantGroup section */

/* Begin XCBuildConfiguration section */
		540BAA3529CC53CF00932D2C /* Debug */ = {
			isa = XCBuildConfiguration;
			buildSettings = {
				ALWAYS_SEARCH_USER_PATHS = NO;
				CLANG_ANALYZER_NONNULL = YES;
				CLANG_ANALYZER_NUMBER_OBJECT_CONVERSION = YES_AGGRESSIVE;
				CLANG_CXX_LANGUAGE_STANDARD = "gnu++17";
				CLANG_ENABLE_MODULES = YES;
				CLANG_ENABLE_OBJC_ARC = YES;
				CLANG_ENABLE_OBJC_WEAK = YES;
				CLANG_WARN_BLOCK_CAPTURE_AUTORELEASING = YES;
				CLANG_WARN_BOOL_CONVERSION = YES;
				CLANG_WARN_COMMA = YES;
				CLANG_WARN_CONSTANT_CONVERSION = YES;
				CLANG_WARN_DEPRECATED_OBJC_IMPLEMENTATIONS = YES;
				CLANG_WARN_DIRECT_OBJC_ISA_USAGE = YES_ERROR;
				CLANG_WARN_DOCUMENTATION_COMMENTS = YES;
				CLANG_WARN_EMPTY_BODY = YES;
				CLANG_WARN_ENUM_CONVERSION = YES;
				CLANG_WARN_INFINITE_RECURSION = YES;
				CLANG_WARN_INT_CONVERSION = YES;
				CLANG_WARN_NON_LITERAL_NULL_CONVERSION = YES;
				CLANG_WARN_OBJC_IMPLICIT_RETAIN_SELF = YES;
				CLANG_WARN_OBJC_LITERAL_CONVERSION = YES;
				CLANG_WARN_OBJC_ROOT_CLASS = YES_ERROR;
				CLANG_WARN_QUOTED_INCLUDE_IN_FRAMEWORK_HEADER = YES;
				CLANG_WARN_RANGE_LOOP_ANALYSIS = YES;
				CLANG_WARN_STRICT_PROTOTYPES = YES;
				CLANG_WARN_SUSPICIOUS_MOVE = YES;
				CLANG_WARN_UNGUARDED_AVAILABILITY = YES_AGGRESSIVE;
				CLANG_WARN_UNREACHABLE_CODE = YES;
				CLANG_WARN__DUPLICATE_METHOD_MATCH = YES;
				COPY_PHASE_STRIP = NO;
				DEBUG_INFORMATION_FORMAT = dwarf;
				ENABLE_STRICT_OBJC_MSGSEND = YES;
				ENABLE_TESTABILITY = YES;
				GCC_C_LANGUAGE_STANDARD = gnu11;
				GCC_DYNAMIC_NO_PIC = NO;
				GCC_NO_COMMON_BLOCKS = YES;
				GCC_OPTIMIZATION_LEVEL = 0;
				GCC_PREPROCESSOR_DEFINITIONS = (
					"DEBUG=1",
					"$(inherited)",
				);
				GCC_WARN_64_TO_32_BIT_CONVERSION = YES;
				GCC_WARN_ABOUT_RETURN_TYPE = YES_ERROR;
				GCC_WARN_UNDECLARED_SELECTOR = YES;
				GCC_WARN_UNINITIALIZED_AUTOS = YES_AGGRESSIVE;
				GCC_WARN_UNUSED_FUNCTION = YES;
				GCC_WARN_UNUSED_VARIABLE = YES;
				IPHONEOS_DEPLOYMENT_TARGET = 15.5;
				MTL_ENABLE_DEBUG_INFO = INCLUDE_SOURCE;
				MTL_FAST_MATH = YES;
				ONLY_ACTIVE_ARCH = YES;
				SDKROOT = iphoneos;
				SWIFT_ACTIVE_COMPILATION_CONDITIONS = DEBUG;
				SWIFT_OPTIMIZATION_LEVEL = "-Onone";
			};
			name = Debug;
		};
		540BAA3629CC53CF00932D2C /* Release */ = {
			isa = XCBuildConfiguration;
			buildSettings = {
				ALWAYS_SEARCH_USER_PATHS = NO;
				CLANG_ANALYZER_NONNULL = YES;
				CLANG_ANALYZER_NUMBER_OBJECT_CONVERSION = YES_AGGRESSIVE;
				CLANG_CXX_LANGUAGE_STANDARD = "gnu++17";
				CLANG_ENABLE_MODULES = YES;
				CLANG_ENABLE_OBJC_ARC = YES;
				CLANG_ENABLE_OBJC_WEAK = YES;
				CLANG_WARN_BLOCK_CAPTURE_AUTORELEASING = YES;
				CLANG_WARN_BOOL_CONVERSION = YES;
				CLANG_WARN_COMMA = YES;
				CLANG_WARN_CONSTANT_CONVERSION = YES;
				CLANG_WARN_DEPRECATED_OBJC_IMPLEMENTATIONS = YES;
				CLANG_WARN_DIRECT_OBJC_ISA_USAGE = YES_ERROR;
				CLANG_WARN_DOCUMENTATION_COMMENTS = YES;
				CLANG_WARN_EMPTY_BODY = YES;
				CLANG_WARN_ENUM_CONVERSION = YES;
				CLANG_WARN_INFINITE_RECURSION = YES;
				CLANG_WARN_INT_CONVERSION = YES;
				CLANG_WARN_NON_LITERAL_NULL_CONVERSION = YES;
				CLANG_WARN_OBJC_IMPLICIT_RETAIN_SELF = YES;
				CLANG_WARN_OBJC_LITERAL_CONVERSION = YES;
				CLANG_WARN_OBJC_ROOT_CLASS = YES_ERROR;
				CLANG_WARN_QUOTED_INCLUDE_IN_FRAMEWORK_HEADER = YES;
				CLANG_WARN_RANGE_LOOP_ANALYSIS = YES;
				CLANG_WARN_STRICT_PROTOTYPES = YES;
				CLANG_WARN_SUSPICIOUS_MOVE = YES;
				CLANG_WARN_UNGUARDED_AVAILABILITY = YES_AGGRESSIVE;
				CLANG_WARN_UNREACHABLE_CODE = YES;
				CLANG_WARN__DUPLICATE_METHOD_MATCH = YES;
				COPY_PHASE_STRIP = NO;
				DEBUG_INFORMATION_FORMAT = "dwarf-with-dsym";
				ENABLE_NS_ASSERTIONS = NO;
				ENABLE_STRICT_OBJC_MSGSEND = YES;
				GCC_C_LANGUAGE_STANDARD = gnu11;
				GCC_NO_COMMON_BLOCKS = YES;
				GCC_WARN_64_TO_32_BIT_CONVERSION = YES;
				GCC_WARN_ABOUT_RETURN_TYPE = YES_ERROR;
				GCC_WARN_UNDECLARED_SELECTOR = YES;
				GCC_WARN_UNINITIALIZED_AUTOS = YES_AGGRESSIVE;
				GCC_WARN_UNUSED_FUNCTION = YES;
				GCC_WARN_UNUSED_VARIABLE = YES;
				IPHONEOS_DEPLOYMENT_TARGET = 15.5;
				MTL_ENABLE_DEBUG_INFO = NO;
				MTL_FAST_MATH = YES;
				SDKROOT = iphoneos;
				SWIFT_COMPILATION_MODE = wholemodule;
				SWIFT_OPTIMIZATION_LEVEL = "-O";
				VALIDATE_PRODUCT = YES;
			};
			name = Release;
		};
		540BAA3829CC53CF00932D2C /* Debug */ = {
			isa = XCBuildConfiguration;
			buildSettings = {
				ASSETCATALOG_COMPILER_APPICON_NAME = AppIcon;
				ASSETCATALOG_COMPILER_GLOBAL_ACCENT_COLOR_NAME = AccentColor;
				CODE_SIGN_STYLE = Automatic;
				CURRENT_PROJECT_VERSION = 1;
				DEVELOPMENT_TEAM = D2HRKMFNN5;
				GENERATE_INFOPLIST_FILE = YES;
				INFOPLIST_FILE = ArtCover/Info.plist;
				INFOPLIST_KEY_UIApplicationSupportsIndirectInputEvents = YES;
				INFOPLIST_KEY_UILaunchStoryboardName = LaunchScreen;
				INFOPLIST_KEY_UIMainStoryboardFile = Main;
				INFOPLIST_KEY_UISupportedInterfaceOrientations_iPad = "UIInterfaceOrientationPortrait UIInterfaceOrientationPortraitUpsideDown UIInterfaceOrientationLandscapeLeft UIInterfaceOrientationLandscapeRight";
				INFOPLIST_KEY_UISupportedInterfaceOrientations_iPhone = "UIInterfaceOrientationPortrait UIInterfaceOrientationLandscapeLeft UIInterfaceOrientationLandscapeRight";
				LD_RUNPATH_SEARCH_PATHS = (
					"$(inherited)",
					"@executable_path/Frameworks",
				);
				MARKETING_VERSION = 1.0;
				PRODUCT_BUNDLE_IDENTIFIER = www.brabus.kz.ArtCover;
				PRODUCT_NAME = "$(TARGET_NAME)";
				SWIFT_EMIT_LOC_STRINGS = YES;
				SWIFT_VERSION = 5.0;
				TARGETED_DEVICE_FAMILY = "1,2";
			};
			name = Debug;
		};
		540BAA3929CC53CF00932D2C /* Release */ = {
			isa = XCBuildConfiguration;
			buildSettings = {
				ASSETCATALOG_COMPILER_APPICON_NAME = AppIcon;
				ASSETCATALOG_COMPILER_GLOBAL_ACCENT_COLOR_NAME = AccentColor;
				CODE_SIGN_STYLE = Automatic;
				CURRENT_PROJECT_VERSION = 1;
				DEVELOPMENT_TEAM = D2HRKMFNN5;
				GENERATE_INFOPLIST_FILE = YES;
				INFOPLIST_FILE = ArtCover/Info.plist;
				INFOPLIST_KEY_UIApplicationSupportsIndirectInputEvents = YES;
				INFOPLIST_KEY_UILaunchStoryboardName = LaunchScreen;
				INFOPLIST_KEY_UIMainStoryboardFile = Main;
				INFOPLIST_KEY_UISupportedInterfaceOrientations_iPad = "UIInterfaceOrientationPortrait UIInterfaceOrientationPortraitUpsideDown UIInterfaceOrientationLandscapeLeft UIInterfaceOrientationLandscapeRight";
				INFOPLIST_KEY_UISupportedInterfaceOrientations_iPhone = "UIInterfaceOrientationPortrait UIInterfaceOrientationLandscapeLeft UIInterfaceOrientationLandscapeRight";
				LD_RUNPATH_SEARCH_PATHS = (
					"$(inherited)",
					"@executable_path/Frameworks",
				);
				MARKETING_VERSION = 1.0;
				PRODUCT_BUNDLE_IDENTIFIER = www.brabus.kz.ArtCover;
				PRODUCT_NAME = "$(TARGET_NAME)";
				SWIFT_EMIT_LOC_STRINGS = YES;
				SWIFT_VERSION = 5.0;
				TARGETED_DEVICE_FAMILY = "1,2";
			};
			name = Release;
		};
/* End XCBuildConfiguration section */

/* Begin XCConfigurationList section */
		540BAA1E29CC53CC00932D2C /* Build configuration list for PBXProject "ArtCover" */ = {
			isa = XCConfigurationList;
			buildConfigurations = (
				540BAA3529CC53CF00932D2C /* Debug */,
				540BAA3629CC53CF00932D2C /* Release */,
			);
			defaultConfigurationIsVisible = 0;
			defaultConfigurationName = Release;
		};
		540BAA3729CC53CF00932D2C /* Build configuration list for PBXNativeTarget "ArtCover" */ = {
			isa = XCConfigurationList;
			buildConfigurations = (
				540BAA3829CC53CF00932D2C /* Debug */,
				540BAA3929CC53CF00932D2C /* Release */,
			);
			defaultConfigurationIsVisible = 0;
			defaultConfigurationName = Release;
		};
/* End XCConfigurationList section */
	};
	rootObject = 540BAA1B29CC53CC00932D2C /* Project object */;
}
